// !$*UTF8*$!
{
	archiveVersion = 1;
	classes = {
	};
	objectVersion = 51;
	objects = {

/* Begin PBXBuildFile section */
		3414CCE825D1F6C000B21C73 /* Images.swift in Sources */ = {isa = PBXBuildFile; fileRef = 3414CCE725D1F6C000B21C73 /* Images.swift */; };
		3414CCF825D21E3600B21C73 /* TableViewFooterView.xib in Resources */ = {isa = PBXBuildFile; fileRef = 3414CCF725D21E3600B21C73 /* TableViewFooterView.xib */; };
		3414CD0525D22EBC00B21C73 /* HeaderView.xib in Resources */ = {isa = PBXBuildFile; fileRef = 3414CD0425D22EBC00B21C73 /* HeaderView.xib */; };
		3414CD1025D22F4300B21C73 /* CategoryDetailTableViewController.swift in Sources */ = {isa = PBXBuildFile; fileRef = 3414CD0F25D22F4300B21C73 /* CategoryDetailTableViewController.swift */; };
		3414CD2D25D2405E00B21C73 /* CategoryDetailTableViewCell.swift in Sources */ = {isa = PBXBuildFile; fileRef = 3414CD2C25D2405E00B21C73 /* CategoryDetailTableViewCell.swift */; };
		3414CD4525D243FE00B21C73 /* CategoryDetailHeader.xib in Resources */ = {isa = PBXBuildFile; fileRef = 3414CD4425D243FE00B21C73 /* CategoryDetailHeader.xib */; };
		3414CD4A25D2462900B21C73 /* CategoryDetailHeaderView.swift in Sources */ = {isa = PBXBuildFile; fileRef = 3414CD4925D2462900B21C73 /* CategoryDetailHeaderView.swift */; };
		3414CD6F25D24DF000B21C73 /* CategoryListModel.swift in Sources */ = {isa = PBXBuildFile; fileRef = 3414CD6E25D24DF000B21C73 /* CategoryListModel.swift */; };
		3414CD7425D24DFB00B21C73 /* API+Category.swift in Sources */ = {isa = PBXBuildFile; fileRef = 3414CD7325D24DFB00B21C73 /* API+Category.swift */; };
		3414CD8B25D24E9F00B21C73 /* CategoryRepository.swift in Sources */ = {isa = PBXBuildFile; fileRef = 3414CD8A25D24E9F00B21C73 /* CategoryRepository.swift */; };
		34556FB825D46112001773BE /* SWNavigationController.swift in Sources */ = {isa = PBXBuildFile; fileRef = 34556FB725D46112001773BE /* SWNavigationController.swift */; };
		345FB76725D37A120050663D /* ItemTableViewController.swift in Sources */ = {isa = PBXBuildFile; fileRef = 345FB76625D37A120050663D /* ItemTableViewController.swift */; };
		345FB76D25D383730050663D /* AvatarView.swift in Sources */ = {isa = PBXBuildFile; fileRef = 345FB76C25D383730050663D /* AvatarView.swift */; };
		347F748325D251A100ED13AA /* CategoryDetailTableViewCell.xib in Resources */ = {isa = PBXBuildFile; fileRef = 347F748225D251A100ED13AA /* CategoryDetailTableViewCell.xib */; };
		347F748825D2570600ED13AA /* Utilities.swift in Sources */ = {isa = PBXBuildFile; fileRef = 347F748725D2570600ED13AA /* Utilities.swift */; };
		347F74A025D259AB00ED13AA /* PlanetViewController.swift in Sources */ = {isa = PBXBuildFile; fileRef = 347F749F25D259AB00ED13AA /* PlanetViewController.swift */; };
		347F74A525D259BB00ED13AA /* PeopleViewController.swift in Sources */ = {isa = PBXBuildFile; fileRef = 347F74A425D259BB00ED13AA /* PeopleViewController.swift */; };
		347F74AA25D259C000ED13AA /* VehicleViewController.swift in Sources */ = {isa = PBXBuildFile; fileRef = 347F74A925D259C000ED13AA /* VehicleViewController.swift */; };
		347F74AF25D259D300ED13AA /* StarshipViewController.swift in Sources */ = {isa = PBXBuildFile; fileRef = 347F74AE25D259D300ED13AA /* StarshipViewController.swift */; };
		347F74B425D259DE00ED13AA /* FilmViewController.swift in Sources */ = {isa = PBXBuildFile; fileRef = 347F74B325D259DE00ED13AA /* FilmViewController.swift */; };
		347F74B925D259E600ED13AA /* SpeciesViewController.swift in Sources */ = {isa = PBXBuildFile; fileRef = 347F74B825D259E600ED13AA /* SpeciesViewController.swift */; };
		347F74CA25D25B8C00ED13AA /* ItemHeaderView.xib in Resources */ = {isa = PBXBuildFile; fileRef = 347F74C925D25B8C00ED13AA /* ItemHeaderView.xib */; };
		347F74CF25D25C2900ED13AA /* ItemHeaderView.swift in Sources */ = {isa = PBXBuildFile; fileRef = 347F74CE25D25C2900ED13AA /* ItemHeaderView.swift */; };
		34C6A2B725CB9A4E003CE7B8 /* AppDelegate.swift in Sources */ = {isa = PBXBuildFile; fileRef = 34C6A2B625CB9A4E003CE7B8 /* AppDelegate.swift */; };
		34C6A2B925CB9A4E003CE7B8 /* SceneDelegate.swift in Sources */ = {isa = PBXBuildFile; fileRef = 34C6A2B825CB9A4E003CE7B8 /* SceneDelegate.swift */; };
		34C6A2BB25CB9A4E003CE7B8 /* CategoryTableViewController.swift in Sources */ = {isa = PBXBuildFile; fileRef = 34C6A2BA25CB9A4E003CE7B8 /* CategoryTableViewController.swift */; };
		34C6A2C025CB9A4F003CE7B8 /* Assets.xcassets in Resources */ = {isa = PBXBuildFile; fileRef = 34C6A2BF25CB9A4F003CE7B8 /* Assets.xcassets */; };
		34C6A2C325CB9A4F003CE7B8 /* LaunchScreen.storyboard in Resources */ = {isa = PBXBuildFile; fileRef = 34C6A2C125CB9A4F003CE7B8 /* LaunchScreen.storyboard */; };
		34C6A2CE25CB9A4F003CE7B8 /* Star_Wars_ChallengeTests.swift in Sources */ = {isa = PBXBuildFile; fileRef = 34C6A2CD25CB9A4F003CE7B8 /* Star_Wars_ChallengeTests.swift */; };
		34C6A2D925CB9A4F003CE7B8 /* Star_Wars_ChallengeUITests.swift in Sources */ = {isa = PBXBuildFile; fileRef = 34C6A2D825CB9A4F003CE7B8 /* Star_Wars_ChallengeUITests.swift */; };
		34C6A2F925CBAA7D003CE7B8 /* API.swift in Sources */ = {isa = PBXBuildFile; fileRef = 34C6A2F625CBAA7D003CE7B8 /* API.swift */; };
		34C6A2FA25CBAA7D003CE7B8 /* APIService.swift in Sources */ = {isa = PBXBuildFile; fileRef = 34C6A2F725CBAA7D003CE7B8 /* APIService.swift */; };
		34C6A2FB25CBAA7D003CE7B8 /* HTTPStatusCode.swift in Sources */ = {isa = PBXBuildFile; fileRef = 34C6A2F825CBAA7D003CE7B8 /* HTTPStatusCode.swift */; };
		34C6A30525CBAA88003CE7B8 /* KeyedDecodingContainer.swift in Sources */ = {isa = PBXBuildFile; fileRef = 34C6A30325CBAA88003CE7B8 /* KeyedDecodingContainer.swift */; };
		34C6A30625CBAA88003CE7B8 /* Realm.swift in Sources */ = {isa = PBXBuildFile; fileRef = 34C6A30425CBAA88003CE7B8 /* Realm.swift */; };
		34C6A30F25CBAC0B003CE7B8 /* Constants.swift in Sources */ = {isa = PBXBuildFile; fileRef = 34C6A30E25CBAC0B003CE7B8 /* Constants.swift */; };
		34C6A31D25CBACD4003CE7B8 /* PeopleModel.swift in Sources */ = {isa = PBXBuildFile; fileRef = 34C6A31C25CBACD4003CE7B8 /* PeopleModel.swift */; };
		34C6A32825CBAFA2003CE7B8 /* FilmsModel.swift in Sources */ = {isa = PBXBuildFile; fileRef = 34C6A32725CBAFA2003CE7B8 /* FilmsModel.swift */; };
		34C6A33125CBB88B003CE7B8 /* StarshipsModel.swift in Sources */ = {isa = PBXBuildFile; fileRef = 34C6A33025CBB88B003CE7B8 /* StarshipsModel.swift */; };
		34C6A33625CBBED6003CE7B8 /* SpeciesModel.swift in Sources */ = {isa = PBXBuildFile; fileRef = 34C6A33525CBBED6003CE7B8 /* SpeciesModel.swift */; };
		34C6A33B25CBC11A003CE7B8 /* PlanetsModel.swift in Sources */ = {isa = PBXBuildFile; fileRef = 34C6A33A25CBC11A003CE7B8 /* PlanetsModel.swift */; };
		34C6A36325CBCC78003CE7B8 /* PeopleRepository.swift in Sources */ = {isa = PBXBuildFile; fileRef = 34C6A36225CBCC78003CE7B8 /* PeopleRepository.swift */; };
		34C6A36C25CBD260003CE7B8 /* API+People+FetchByID.swift in Sources */ = {isa = PBXBuildFile; fileRef = 34C6A36B25CBD260003CE7B8 /* API+People+FetchByID.swift */; };
		34C6A39025CBD5C2003CE7B8 /* API+Films+FetchByID.swift in Sources */ = {isa = PBXBuildFile; fileRef = 34C6A38F25CBD5C2003CE7B8 /* API+Films+FetchByID.swift */; };
		34C6A39D25CBD62C003CE7B8 /* FilmRepository.swift in Sources */ = {isa = PBXBuildFile; fileRef = 34C6A39C25CBD62C003CE7B8 /* FilmRepository.swift */; };
		34C6A3C325CBDA79003CE7B8 /* CategoryTableViewCell.swift in Sources */ = {isa = PBXBuildFile; fileRef = 34C6A3C225CBDA79003CE7B8 /* CategoryTableViewCell.swift */; };
		34C6A3CB25CBDA94003CE7B8 /* CategoryTableViewCell.xib in Resources */ = {isa = PBXBuildFile; fileRef = 34C6A3CA25CBDA94003CE7B8 /* CategoryTableViewCell.xib */; };
		34D61EBD25D3431900DB59C2 /* ItemTableViewCell.xib in Resources */ = {isa = PBXBuildFile; fileRef = 34D61EBC25D3431900DB59C2 /* ItemTableViewCell.xib */; };
		34D61EC525D3433F00DB59C2 /* ItemTableViewCell.swift in Sources */ = {isa = PBXBuildFile; fileRef = 34D61EC425D3433F00DB59C2 /* ItemTableViewCell.swift */; };
		34D61EE725D3509F00DB59C2 /* AvatarView.xib in Resources */ = {isa = PBXBuildFile; fileRef = 34D61EE625D3509F00DB59C2 /* AvatarView.xib */; };
		34E8418B25CCF37700640ADE /* API+Starships+FetchByID.swift in Sources */ = {isa = PBXBuildFile; fileRef = 34E8418A25CCF37700640ADE /* API+Starships+FetchByID.swift */; };
		34E8419725CCF39D00640ADE /* API+Vehicles+FetchByID.swift in Sources */ = {isa = PBXBuildFile; fileRef = 34E8419625CCF39D00640ADE /* API+Vehicles+FetchByID.swift */; };
		34E841BB25CCF50A00640ADE /* VehiclesModel.swift in Sources */ = {isa = PBXBuildFile; fileRef = 34E841B925CCF50A00640ADE /* VehiclesModel.swift */; };
		34E841E925CCF60100640ADE /* API+Planets+FetchByID.swift in Sources */ = {isa = PBXBuildFile; fileRef = 34E841E825CCF60100640ADE /* API+Planets+FetchByID.swift */; };
		34E841FF25CCF71600640ADE /* API+Species+FetchByID.swift in Sources */ = {isa = PBXBuildFile; fileRef = 34E841FE25CCF71600640ADE /* API+Species+FetchByID.swift */; };
		34E8421625CCF82A00640ADE /* PlanetsRepository.swift in Sources */ = {isa = PBXBuildFile; fileRef = 34E8421525CCF82A00640ADE /* PlanetsRepository.swift */; };
		34E8421B25CCF8D600640ADE /* SpeciesRepository.swift in Sources */ = {isa = PBXBuildFile; fileRef = 34E8421A25CCF8D600640ADE /* SpeciesRepository.swift */; };
		34E8422025CCF97900640ADE /* StarshipsRepository.swift in Sources */ = {isa = PBXBuildFile; fileRef = 34E8421F25CCF97900640ADE /* StarshipsRepository.swift */; };
		34E8422825CCFA1E00640ADE /* VehiclesRepository.swift in Sources */ = {isa = PBXBuildFile; fileRef = 34E8422725CCFA1E00640ADE /* VehiclesRepository.swift */; };
		34E8422D25CD090F00640ADE /* HeaderView.swift in Sources */ = {isa = PBXBuildFile; fileRef = 34E8422C25CD090F00640ADE /* HeaderView.swift */; };
		BF1772C33A487DB8A13AFBAF /* Pods_Star_Wars_Challenge.framework in Frameworks */ = {isa = PBXBuildFile; fileRef = 943E62BC46125BD6328611C8 /* Pods_Star_Wars_Challenge.framework */; };
/* End PBXBuildFile section */

/* Begin PBXContainerItemProxy section */
		34C6A2CA25CB9A4F003CE7B8 /* PBXContainerItemProxy */ = {
			isa = PBXContainerItemProxy;
			containerPortal = 34C6A2AB25CB9A4E003CE7B8 /* Project object */;
			proxyType = 1;
			remoteGlobalIDString = 34C6A2B225CB9A4E003CE7B8;
			remoteInfo = "Star Wars Challenge";
		};
		34C6A2D525CB9A4F003CE7B8 /* PBXContainerItemProxy */ = {
			isa = PBXContainerItemProxy;
			containerPortal = 34C6A2AB25CB9A4E003CE7B8 /* Project object */;
			proxyType = 1;
			remoteGlobalIDString = 34C6A2B225CB9A4E003CE7B8;
			remoteInfo = "Star Wars Challenge";
		};
/* End PBXContainerItemProxy section */

/* Begin PBXFileReference section */
		3414CCE725D1F6C000B21C73 /* Images.swift */ = {isa = PBXFileReference; lastKnownFileType = sourcecode.swift; path = Images.swift; sourceTree = "<group>"; };
		3414CCF725D21E3600B21C73 /* TableViewFooterView.xib */ = {isa = PBXFileReference; lastKnownFileType = file.xib; path = TableViewFooterView.xib; sourceTree = "<group>"; };
		3414CD0425D22EBC00B21C73 /* HeaderView.xib */ = {isa = PBXFileReference; fileEncoding = 4; lastKnownFileType = file.xib; path = HeaderView.xib; sourceTree = "<group>"; };
		3414CD0F25D22F4300B21C73 /* CategoryDetailTableViewController.swift */ = {isa = PBXFileReference; lastKnownFileType = sourcecode.swift; path = CategoryDetailTableViewController.swift; sourceTree = "<group>"; };
		3414CD2C25D2405E00B21C73 /* CategoryDetailTableViewCell.swift */ = {isa = PBXFileReference; lastKnownFileType = sourcecode.swift; path = CategoryDetailTableViewCell.swift; sourceTree = "<group>"; };
		3414CD4425D243FE00B21C73 /* CategoryDetailHeader.xib */ = {isa = PBXFileReference; lastKnownFileType = file.xib; path = CategoryDetailHeader.xib; sourceTree = "<group>"; };
		3414CD4925D2462900B21C73 /* CategoryDetailHeaderView.swift */ = {isa = PBXFileReference; lastKnownFileType = sourcecode.swift; path = CategoryDetailHeaderView.swift; sourceTree = "<group>"; };
		3414CD6E25D24DF000B21C73 /* CategoryListModel.swift */ = {isa = PBXFileReference; fileEncoding = 4; lastKnownFileType = sourcecode.swift; path = CategoryListModel.swift; sourceTree = "<group>"; };
		3414CD7325D24DFB00B21C73 /* API+Category.swift */ = {isa = PBXFileReference; fileEncoding = 4; lastKnownFileType = sourcecode.swift; path = "API+Category.swift"; sourceTree = "<group>"; };
		3414CD8A25D24E9F00B21C73 /* CategoryRepository.swift */ = {isa = PBXFileReference; lastKnownFileType = sourcecode.swift; name = CategoryRepository.swift; path = "Star Wars Challenge/Repository/CategoryRepository.swift"; sourceTree = SOURCE_ROOT; };
		34556FB725D46112001773BE /* SWNavigationController.swift */ = {isa = PBXFileReference; lastKnownFileType = sourcecode.swift; path = SWNavigationController.swift; sourceTree = "<group>"; };
		345FB76625D37A120050663D /* ItemTableViewController.swift */ = {isa = PBXFileReference; lastKnownFileType = sourcecode.swift; path = ItemTableViewController.swift; sourceTree = "<group>"; };
		345FB76C25D383730050663D /* AvatarView.swift */ = {isa = PBXFileReference; fileEncoding = 4; lastKnownFileType = sourcecode.swift; path = AvatarView.swift; sourceTree = "<group>"; };
		347F748225D251A100ED13AA /* CategoryDetailTableViewCell.xib */ = {isa = PBXFileReference; lastKnownFileType = file.xib; path = CategoryDetailTableViewCell.xib; sourceTree = "<group>"; };
		347F748725D2570600ED13AA /* Utilities.swift */ = {isa = PBXFileReference; lastKnownFileType = sourcecode.swift; path = Utilities.swift; sourceTree = "<group>"; };
		347F749F25D259AB00ED13AA /* PlanetViewController.swift */ = {isa = PBXFileReference; lastKnownFileType = sourcecode.swift; path = PlanetViewController.swift; sourceTree = "<group>"; };
		347F74A425D259BB00ED13AA /* PeopleViewController.swift */ = {isa = PBXFileReference; lastKnownFileType = sourcecode.swift; path = PeopleViewController.swift; sourceTree = "<group>"; };
		347F74A925D259C000ED13AA /* VehicleViewController.swift */ = {isa = PBXFileReference; lastKnownFileType = sourcecode.swift; path = VehicleViewController.swift; sourceTree = "<group>"; };
		347F74AE25D259D300ED13AA /* StarshipViewController.swift */ = {isa = PBXFileReference; lastKnownFileType = sourcecode.swift; path = StarshipViewController.swift; sourceTree = "<group>"; };
		347F74B325D259DE00ED13AA /* FilmViewController.swift */ = {isa = PBXFileReference; lastKnownFileType = sourcecode.swift; path = FilmViewController.swift; sourceTree = "<group>"; };
		347F74B825D259E600ED13AA /* SpeciesViewController.swift */ = {isa = PBXFileReference; lastKnownFileType = sourcecode.swift; path = SpeciesViewController.swift; sourceTree = "<group>"; };
		347F74C925D25B8C00ED13AA /* ItemHeaderView.xib */ = {isa = PBXFileReference; lastKnownFileType = file.xib; path = ItemHeaderView.xib; sourceTree = "<group>"; };
		347F74CE25D25C2900ED13AA /* ItemHeaderView.swift */ = {isa = PBXFileReference; lastKnownFileType = sourcecode.swift; path = ItemHeaderView.swift; sourceTree = "<group>"; };
		34C6A2B325CB9A4E003CE7B8 /* Star Wars Challenge.app */ = {isa = PBXFileReference; explicitFileType = wrapper.application; includeInIndex = 0; path = "Star Wars Challenge.app"; sourceTree = BUILT_PRODUCTS_DIR; };
		34C6A2B625CB9A4E003CE7B8 /* AppDelegate.swift */ = {isa = PBXFileReference; lastKnownFileType = sourcecode.swift; path = AppDelegate.swift; sourceTree = "<group>"; };
		34C6A2B825CB9A4E003CE7B8 /* SceneDelegate.swift */ = {isa = PBXFileReference; lastKnownFileType = sourcecode.swift; path = SceneDelegate.swift; sourceTree = "<group>"; };
		34C6A2BA25CB9A4E003CE7B8 /* CategoryTableViewController.swift */ = {isa = PBXFileReference; lastKnownFileType = sourcecode.swift; path = CategoryTableViewController.swift; sourceTree = "<group>"; };
		34C6A2BF25CB9A4F003CE7B8 /* Assets.xcassets */ = {isa = PBXFileReference; lastKnownFileType = folder.assetcatalog; path = Assets.xcassets; sourceTree = "<group>"; };
		34C6A2C225CB9A4F003CE7B8 /* Base */ = {isa = PBXFileReference; lastKnownFileType = file.storyboard; name = Base; path = Base.lproj/LaunchScreen.storyboard; sourceTree = "<group>"; };
		34C6A2C425CB9A4F003CE7B8 /* Info.plist */ = {isa = PBXFileReference; lastKnownFileType = text.plist.xml; path = Info.plist; sourceTree = "<group>"; };
		34C6A2C925CB9A4F003CE7B8 /* Star Wars ChallengeTests.xctest */ = {isa = PBXFileReference; explicitFileType = wrapper.cfbundle; includeInIndex = 0; path = "Star Wars ChallengeTests.xctest"; sourceTree = BUILT_PRODUCTS_DIR; };
		34C6A2CD25CB9A4F003CE7B8 /* Star_Wars_ChallengeTests.swift */ = {isa = PBXFileReference; lastKnownFileType = sourcecode.swift; path = Star_Wars_ChallengeTests.swift; sourceTree = "<group>"; };
		34C6A2CF25CB9A4F003CE7B8 /* Info.plist */ = {isa = PBXFileReference; lastKnownFileType = text.plist.xml; path = Info.plist; sourceTree = "<group>"; };
		34C6A2D425CB9A4F003CE7B8 /* Star Wars ChallengeUITests.xctest */ = {isa = PBXFileReference; explicitFileType = wrapper.cfbundle; includeInIndex = 0; path = "Star Wars ChallengeUITests.xctest"; sourceTree = BUILT_PRODUCTS_DIR; };
		34C6A2D825CB9A4F003CE7B8 /* Star_Wars_ChallengeUITests.swift */ = {isa = PBXFileReference; lastKnownFileType = sourcecode.swift; path = Star_Wars_ChallengeUITests.swift; sourceTree = "<group>"; };
		34C6A2DA25CB9A4F003CE7B8 /* Info.plist */ = {isa = PBXFileReference; lastKnownFileType = text.plist.xml; path = Info.plist; sourceTree = "<group>"; };
		34C6A2F625CBAA7D003CE7B8 /* API.swift */ = {isa = PBXFileReference; fileEncoding = 4; lastKnownFileType = sourcecode.swift; path = API.swift; sourceTree = "<group>"; };
		34C6A2F725CBAA7D003CE7B8 /* APIService.swift */ = {isa = PBXFileReference; fileEncoding = 4; lastKnownFileType = sourcecode.swift; path = APIService.swift; sourceTree = "<group>"; };
		34C6A2F825CBAA7D003CE7B8 /* HTTPStatusCode.swift */ = {isa = PBXFileReference; fileEncoding = 4; lastKnownFileType = sourcecode.swift; path = HTTPStatusCode.swift; sourceTree = "<group>"; };
		34C6A30325CBAA88003CE7B8 /* KeyedDecodingContainer.swift */ = {isa = PBXFileReference; fileEncoding = 4; lastKnownFileType = sourcecode.swift; path = KeyedDecodingContainer.swift; sourceTree = "<group>"; };
		34C6A30425CBAA88003CE7B8 /* Realm.swift */ = {isa = PBXFileReference; fileEncoding = 4; lastKnownFileType = sourcecode.swift; path = Realm.swift; sourceTree = "<group>"; };
		34C6A30E25CBAC0B003CE7B8 /* Constants.swift */ = {isa = PBXFileReference; fileEncoding = 4; lastKnownFileType = sourcecode.swift; path = Constants.swift; sourceTree = "<group>"; };
		34C6A31C25CBACD4003CE7B8 /* PeopleModel.swift */ = {isa = PBXFileReference; lastKnownFileType = sourcecode.swift; path = PeopleModel.swift; sourceTree = "<group>"; };
		34C6A32725CBAFA2003CE7B8 /* FilmsModel.swift */ = {isa = PBXFileReference; lastKnownFileType = sourcecode.swift; path = FilmsModel.swift; sourceTree = "<group>"; };
		34C6A33025CBB88B003CE7B8 /* StarshipsModel.swift */ = {isa = PBXFileReference; lastKnownFileType = sourcecode.swift; path = StarshipsModel.swift; sourceTree = "<group>"; };
		34C6A33525CBBED6003CE7B8 /* SpeciesModel.swift */ = {isa = PBXFileReference; lastKnownFileType = sourcecode.swift; path = SpeciesModel.swift; sourceTree = "<group>"; };
		34C6A33A25CBC11A003CE7B8 /* PlanetsModel.swift */ = {isa = PBXFileReference; lastKnownFileType = sourcecode.swift; path = PlanetsModel.swift; sourceTree = "<group>"; };
		34C6A36225CBCC78003CE7B8 /* PeopleRepository.swift */ = {isa = PBXFileReference; lastKnownFileType = sourcecode.swift; path = PeopleRepository.swift; sourceTree = "<group>"; };
		34C6A36B25CBD260003CE7B8 /* API+People+FetchByID.swift */ = {isa = PBXFileReference; lastKnownFileType = sourcecode.swift; path = "API+People+FetchByID.swift"; sourceTree = "<group>"; };
		34C6A38F25CBD5C2003CE7B8 /* API+Films+FetchByID.swift */ = {isa = PBXFileReference; lastKnownFileType = sourcecode.swift; path = "API+Films+FetchByID.swift"; sourceTree = "<group>"; };
		34C6A39C25CBD62C003CE7B8 /* FilmRepository.swift */ = {isa = PBXFileReference; lastKnownFileType = sourcecode.swift; path = FilmRepository.swift; sourceTree = "<group>"; };
		34C6A3C225CBDA79003CE7B8 /* CategoryTableViewCell.swift */ = {isa = PBXFileReference; lastKnownFileType = sourcecode.swift; path = CategoryTableViewCell.swift; sourceTree = "<group>"; };
		34C6A3CA25CBDA94003CE7B8 /* CategoryTableViewCell.xib */ = {isa = PBXFileReference; lastKnownFileType = file.xib; path = CategoryTableViewCell.xib; sourceTree = "<group>"; };
		34D61EBC25D3431900DB59C2 /* ItemTableViewCell.xib */ = {isa = PBXFileReference; lastKnownFileType = file.xib; path = ItemTableViewCell.xib; sourceTree = "<group>"; };
		34D61EC425D3433F00DB59C2 /* ItemTableViewCell.swift */ = {isa = PBXFileReference; lastKnownFileType = sourcecode.swift; path = ItemTableViewCell.swift; sourceTree = "<group>"; };
		34D61EE625D3509F00DB59C2 /* AvatarView.xib */ = {isa = PBXFileReference; lastKnownFileType = file.xib; path = AvatarView.xib; sourceTree = "<group>"; };
		34E8418A25CCF37700640ADE /* API+Starships+FetchByID.swift */ = {isa = PBXFileReference; fileEncoding = 4; lastKnownFileType = sourcecode.swift; path = "API+Starships+FetchByID.swift"; sourceTree = "<group>"; };
		34E8419625CCF39D00640ADE /* API+Vehicles+FetchByID.swift */ = {isa = PBXFileReference; lastKnownFileType = sourcecode.swift; path = "API+Vehicles+FetchByID.swift"; sourceTree = "<group>"; };
		34E841B925CCF50A00640ADE /* VehiclesModel.swift */ = {isa = PBXFileReference; fileEncoding = 4; lastKnownFileType = sourcecode.swift; path = VehiclesModel.swift; sourceTree = "<group>"; };
		34E841E825CCF60100640ADE /* API+Planets+FetchByID.swift */ = {isa = PBXFileReference; lastKnownFileType = sourcecode.swift; path = "API+Planets+FetchByID.swift"; sourceTree = "<group>"; };
		34E841FE25CCF71600640ADE /* API+Species+FetchByID.swift */ = {isa = PBXFileReference; lastKnownFileType = sourcecode.swift; path = "API+Species+FetchByID.swift"; sourceTree = "<group>"; };
		34E8421525CCF82A00640ADE /* PlanetsRepository.swift */ = {isa = PBXFileReference; lastKnownFileType = sourcecode.swift; path = PlanetsRepository.swift; sourceTree = "<group>"; };
		34E8421A25CCF8D600640ADE /* SpeciesRepository.swift */ = {isa = PBXFileReference; lastKnownFileType = sourcecode.swift; path = SpeciesRepository.swift; sourceTree = "<group>"; };
		34E8421F25CCF97900640ADE /* StarshipsRepository.swift */ = {isa = PBXFileReference; lastKnownFileType = sourcecode.swift; path = StarshipsRepository.swift; sourceTree = "<group>"; };
		34E8422725CCFA1E00640ADE /* VehiclesRepository.swift */ = {isa = PBXFileReference; lastKnownFileType = sourcecode.swift; path = VehiclesRepository.swift; sourceTree = "<group>"; };
		34E8422C25CD090F00640ADE /* HeaderView.swift */ = {isa = PBXFileReference; lastKnownFileType = sourcecode.swift; path = HeaderView.swift; sourceTree = "<group>"; };
		4C84BAD14BD010280F1539C8 /* Pods-Star Wars Challenge.release.xcconfig */ = {isa = PBXFileReference; includeInIndex = 1; lastKnownFileType = text.xcconfig; name = "Pods-Star Wars Challenge.release.xcconfig"; path = "Target Support Files/Pods-Star Wars Challenge/Pods-Star Wars Challenge.release.xcconfig"; sourceTree = "<group>"; };
		53CE0F93CDA2A25443B727AF /* Pods-Star Wars Challenge.debug.xcconfig */ = {isa = PBXFileReference; includeInIndex = 1; lastKnownFileType = text.xcconfig; name = "Pods-Star Wars Challenge.debug.xcconfig"; path = "Target Support Files/Pods-Star Wars Challenge/Pods-Star Wars Challenge.debug.xcconfig"; sourceTree = "<group>"; };
		943E62BC46125BD6328611C8 /* Pods_Star_Wars_Challenge.framework */ = {isa = PBXFileReference; explicitFileType = wrapper.framework; includeInIndex = 0; path = Pods_Star_Wars_Challenge.framework; sourceTree = BUILT_PRODUCTS_DIR; };
/* End PBXFileReference section */

/* Begin PBXFrameworksBuildPhase section */
		34C6A2B025CB9A4E003CE7B8 /* Frameworks */ = {
			isa = PBXFrameworksBuildPhase;
			buildActionMask = 2147483647;
			files = (
				BF1772C33A487DB8A13AFBAF /* Pods_Star_Wars_Challenge.framework in Frameworks */,
			);
			runOnlyForDeploymentPostprocessing = 0;
		};
		34C6A2C625CB9A4F003CE7B8 /* Frameworks */ = {
			isa = PBXFrameworksBuildPhase;
			buildActionMask = 2147483647;
			files = (
			);
			runOnlyForDeploymentPostprocessing = 0;
		};
		34C6A2D125CB9A4F003CE7B8 /* Frameworks */ = {
			isa = PBXFrameworksBuildPhase;
			buildActionMask = 2147483647;
			files = (
			);
			runOnlyForDeploymentPostprocessing = 0;
		};
/* End PBXFrameworksBuildPhase section */

/* Begin PBXGroup section */
		3414CCFC25D22E9700B21C73 /* Root TableView Cell */ = {
			isa = PBXGroup;
			children = (
				34C6A3C225CBDA79003CE7B8 /* CategoryTableViewCell.swift */,
				34C6A3CA25CBDA94003CE7B8 /* CategoryTableViewCell.xib */,
			);
			path = "Root TableView Cell";
			sourceTree = "<group>";
		};
		3414CD0025D22EB000B21C73 /* Root Header */ = {
			isa = PBXGroup;
			children = (
				3414CD0425D22EBC00B21C73 /* HeaderView.xib */,
				34E8422C25CD090F00640ADE /* HeaderView.swift */,
			);
			path = "Root Header";
			sourceTree = "<group>";
		};
		3414CD3A25D2424000B21C73 /* Category Detail Table View */ = {
			isa = PBXGroup;
			children = (
				3414CD0F25D22F4300B21C73 /* CategoryDetailTableViewController.swift */,
				347F74C225D25A1300ED13AA /* CategoryDetail TableView Cell */,
			);
			path = "Category Detail Table View";
			sourceTree = "<group>";
		};
		3414CD4E25D2462C00B21C73 /* Category Detail Header */ = {
			isa = PBXGroup;
			children = (
				3414CD4425D243FE00B21C73 /* CategoryDetailHeader.xib */,
				3414CD4925D2462900B21C73 /* CategoryDetailHeaderView.swift */,
			);
			path = "Category Detail Header";
			sourceTree = "<group>";
		};
		345FB76B25D383590050663D /* Avatar View */ = {
			isa = PBXGroup;
			children = (
				345FB76C25D383730050663D /* AvatarView.swift */,
				34D61EE625D3509F00DB59C2 /* AvatarView.xib */,
			);
			path = "Avatar View";
			sourceTree = "<group>";
		};
		345FB77A25D3A4050050663D /* Custom Views */ = {
			isa = PBXGroup;
			children = (
				3414CCF725D21E3600B21C73 /* TableViewFooterView.xib */,
				3414CD0025D22EB000B21C73 /* Root Header */,
				3414CD4E25D2462C00B21C73 /* Category Detail Header */,
				34D61ECC25D347A500DB59C2 /* Item View Header */,
				345FB76B25D383590050663D /* Avatar View */,
			);
			path = "Custom Views";
			sourceTree = "<group>";
		};
		345FB79C25D3C0630050663D /* Modules */ = {
			isa = PBXGroup;
			children = (
				34556FB725D46112001773BE /* SWNavigationController.swift */,
				34C6A3D425CBDB39003CE7B8 /* Root Category Table View */,
				3414CD3A25D2424000B21C73 /* Category Detail Table View */,
				347F74BD25D259F100ED13AA /* Item View Controllers */,
			);
			path = Modules;
			sourceTree = "<group>";
		};
		347F74BD25D259F100ED13AA /* Item View Controllers */ = {
			isa = PBXGroup;
			children = (
				34D61ED025D347AE00DB59C2 /* Item TableViewCell */,
				347F749F25D259AB00ED13AA /* PlanetViewController.swift */,
				347F74A425D259BB00ED13AA /* PeopleViewController.swift */,
				347F74A925D259C000ED13AA /* VehicleViewController.swift */,
				347F74AE25D259D300ED13AA /* StarshipViewController.swift */,
				347F74B325D259DE00ED13AA /* FilmViewController.swift */,
				347F74B825D259E600ED13AA /* SpeciesViewController.swift */,
			);
			path = "Item View Controllers";
			sourceTree = "<group>";
		};
		347F74C225D25A1300ED13AA /* CategoryDetail TableView Cell */ = {
			isa = PBXGroup;
			children = (
				347F748225D251A100ED13AA /* CategoryDetailTableViewCell.xib */,
				3414CD2C25D2405E00B21C73 /* CategoryDetailTableViewCell.swift */,
			);
			path = "CategoryDetail TableView Cell";
			sourceTree = "<group>";
		};
		34C6A2AA25CB9A4E003CE7B8 = {
			isa = PBXGroup;
			children = (
				34C6A2B525CB9A4E003CE7B8 /* Star Wars Challenge */,
				34C6A2CC25CB9A4F003CE7B8 /* Star Wars ChallengeTests */,
				34C6A2D725CB9A4F003CE7B8 /* Star Wars ChallengeUITests */,
				34C6A2B425CB9A4E003CE7B8 /* Products */,
				9AF5FFA7061011311E90C3EB /* Frameworks */,
				DD1B990FE04BDF7FE853F4D6 /* Pods */,
			);
			sourceTree = "<group>";
		};
		34C6A2B425CB9A4E003CE7B8 /* Products */ = {
			isa = PBXGroup;
			children = (
				34C6A2B325CB9A4E003CE7B8 /* Star Wars Challenge.app */,
				34C6A2C925CB9A4F003CE7B8 /* Star Wars ChallengeTests.xctest */,
				34C6A2D425CB9A4F003CE7B8 /* Star Wars ChallengeUITests.xctest */,
			);
			name = Products;
			sourceTree = "<group>";
		};
		34C6A2B525CB9A4E003CE7B8 /* Star Wars Challenge */ = {
			isa = PBXGroup;
			children = (
				34C6A2B625CB9A4E003CE7B8 /* AppDelegate.swift */,
				34C6A2B825CB9A4E003CE7B8 /* SceneDelegate.swift */,
				345FB79C25D3C0630050663D /* Modules */,
				345FB77A25D3A4050050663D /* Custom Views */,
				34C6A36725CBCC7E003CE7B8 /* Repository */,
				34C6A35725CBCC2D003CE7B8 /* API Services */,
				34C6A32C25CBAFA5003CE7B8 /* Models */,
				34C6A30A25CBAA8B003CE7B8 /* Extensions */,
				347F748725D2570600ED13AA /* Utilities.swift */,
				3414CCE725D1F6C000B21C73 /* Images.swift */,
				34C6A30E25CBAC0B003CE7B8 /* Constants.swift */,
				34C6A2BF25CB9A4F003CE7B8 /* Assets.xcassets */,
				34C6A2C125CB9A4F003CE7B8 /* LaunchScreen.storyboard */,
				34C6A2C425CB9A4F003CE7B8 /* Info.plist */,
			);
			path = "Star Wars Challenge";
			sourceTree = "<group>";
		};
		34C6A2CC25CB9A4F003CE7B8 /* Star Wars ChallengeTests */ = {
			isa = PBXGroup;
			children = (
				34C6A2CD25CB9A4F003CE7B8 /* Star_Wars_ChallengeTests.swift */,
				34C6A2CF25CB9A4F003CE7B8 /* Info.plist */,
			);
			path = "Star Wars ChallengeTests";
			sourceTree = "<group>";
		};
		34C6A2D725CB9A4F003CE7B8 /* Star Wars ChallengeUITests */ = {
			isa = PBXGroup;
			children = (
				34C6A2D825CB9A4F003CE7B8 /* Star_Wars_ChallengeUITests.swift */,
				34C6A2DA25CB9A4F003CE7B8 /* Info.plist */,
			);
			path = "Star Wars ChallengeUITests";
			sourceTree = "<group>";
		};
		34C6A2FF25CBAA80003CE7B8 /* Foundation */ = {
			isa = PBXGroup;
			children = (
				34C6A2F625CBAA7D003CE7B8 /* API.swift */,
				34C6A2F725CBAA7D003CE7B8 /* APIService.swift */,
				34C6A2F825CBAA7D003CE7B8 /* HTTPStatusCode.swift */,
			);
			path = Foundation;
			sourceTree = "<group>";
		};
		34C6A30A25CBAA8B003CE7B8 /* Extensions */ = {
			isa = PBXGroup;
			children = (
				34C6A30325CBAA88003CE7B8 /* KeyedDecodingContainer.swift */,
				34C6A30425CBAA88003CE7B8 /* Realm.swift */,
			);
			path = Extensions;
			sourceTree = "<group>";
		};
		34C6A32C25CBAFA5003CE7B8 /* Models */ = {
			isa = PBXGroup;
			children = (
				3414CD6E25D24DF000B21C73 /* CategoryListModel.swift */,
				34C6A31C25CBACD4003CE7B8 /* PeopleModel.swift */,
				34C6A32725CBAFA2003CE7B8 /* FilmsModel.swift */,
				34C6A33025CBB88B003CE7B8 /* StarshipsModel.swift */,
				34C6A33525CBBED6003CE7B8 /* SpeciesModel.swift */,
				34C6A33A25CBC11A003CE7B8 /* PlanetsModel.swift */,
				34E841B925CCF50A00640ADE /* VehiclesModel.swift */,
			);
			path = Models;
			sourceTree = "<group>";
		};
		34C6A35725CBCC2D003CE7B8 /* API Services */ = {
			isa = PBXGroup;
			children = (
				34C6A2FF25CBAA80003CE7B8 /* Foundation */,
				3414CD7325D24DFB00B21C73 /* API+Category.swift */,
				34E841FE25CCF71600640ADE /* API+Species+FetchByID.swift */,
				34E841E825CCF60100640ADE /* API+Planets+FetchByID.swift */,
				34E8419625CCF39D00640ADE /* API+Vehicles+FetchByID.swift */,
				34E8418A25CCF37700640ADE /* API+Starships+FetchByID.swift */,
				34C6A38F25CBD5C2003CE7B8 /* API+Films+FetchByID.swift */,
				34C6A36B25CBD260003CE7B8 /* API+People+FetchByID.swift */,
			);
			path = "API Services";
			sourceTree = "<group>";
		};
		34C6A36725CBCC7E003CE7B8 /* Repository */ = {
			isa = PBXGroup;
			children = (
				3414CD8A25D24E9F00B21C73 /* CategoryRepository.swift */,
				34E8421F25CCF97900640ADE /* StarshipsRepository.swift */,
				34E8422725CCFA1E00640ADE /* VehiclesRepository.swift */,
				34C6A36225CBCC78003CE7B8 /* PeopleRepository.swift */,
				34E8421525CCF82A00640ADE /* PlanetsRepository.swift */,
				34E8421A25CCF8D600640ADE /* SpeciesRepository.swift */,
				34C6A39C25CBD62C003CE7B8 /* FilmRepository.swift */,
			);
			path = Repository;
			sourceTree = "<group>";
		};
		34C6A3D425CBDB39003CE7B8 /* Root Category Table View */ = {
			isa = PBXGroup;
			children = (
				34C6A2BA25CB9A4E003CE7B8 /* CategoryTableViewController.swift */,
				3414CCFC25D22E9700B21C73 /* Root TableView Cell */,
			);
			path = "Root Category Table View";
			sourceTree = "<group>";
		};
		34D61ECC25D347A500DB59C2 /* Item View Header */ = {
			isa = PBXGroup;
			children = (
				347F74C925D25B8C00ED13AA /* ItemHeaderView.xib */,
				347F74CE25D25C2900ED13AA /* ItemHeaderView.swift */,
			);
			path = "Item View Header";
			sourceTree = "<group>";
		};
		34D61ED025D347AE00DB59C2 /* Item TableViewCell */ = {
			isa = PBXGroup;
			children = (
				34D61EBC25D3431900DB59C2 /* ItemTableViewCell.xib */,
				345FB76625D37A120050663D /* ItemTableViewController.swift */,
				34D61EC425D3433F00DB59C2 /* ItemTableViewCell.swift */,
			);
			path = "Item TableViewCell";
			sourceTree = "<group>";
		};
		9AF5FFA7061011311E90C3EB /* Frameworks */ = {
			isa = PBXGroup;
			children = (
				943E62BC46125BD6328611C8 /* Pods_Star_Wars_Challenge.framework */,
			);
			name = Frameworks;
			sourceTree = "<group>";
		};
		DD1B990FE04BDF7FE853F4D6 /* Pods */ = {
			isa = PBXGroup;
			children = (
				53CE0F93CDA2A25443B727AF /* Pods-Star Wars Challenge.debug.xcconfig */,
				4C84BAD14BD010280F1539C8 /* Pods-Star Wars Challenge.release.xcconfig */,
			);
			path = Pods;
			sourceTree = "<group>";
		};
/* End PBXGroup section */

/* Begin PBXNativeTarget section */
		34C6A2B225CB9A4E003CE7B8 /* Star Wars Challenge */ = {
			isa = PBXNativeTarget;
			buildConfigurationList = 34C6A2DD25CB9A4F003CE7B8 /* Build configuration list for PBXNativeTarget "Star Wars Challenge" */;
			buildPhases = (
				A8A2F7843303CEE080DB2EE0 /* [CP] Check Pods Manifest.lock */,
				34C6A2AF25CB9A4E003CE7B8 /* Sources */,
				34C6A2B025CB9A4E003CE7B8 /* Frameworks */,
				34C6A2B125CB9A4E003CE7B8 /* Resources */,
				A766C2F67451AB54A9EC642B /* [CP] Embed Pods Frameworks */,
			);
			buildRules = (
			);
			dependencies = (
			);
			name = "Star Wars Challenge";
			productName = "Star Wars Challenge";
			productReference = 34C6A2B325CB9A4E003CE7B8 /* Star Wars Challenge.app */;
			productType = "com.apple.product-type.application";
		};
		34C6A2C825CB9A4F003CE7B8 /* Star Wars ChallengeTests */ = {
			isa = PBXNativeTarget;
			buildConfigurationList = 34C6A2E025CB9A4F003CE7B8 /* Build configuration list for PBXNativeTarget "Star Wars ChallengeTests" */;
			buildPhases = (
				34C6A2C525CB9A4F003CE7B8 /* Sources */,
				34C6A2C625CB9A4F003CE7B8 /* Frameworks */,
				34C6A2C725CB9A4F003CE7B8 /* Resources */,
			);
			buildRules = (
			);
			dependencies = (
				34C6A2CB25CB9A4F003CE7B8 /* PBXTargetDependency */,
			);
			name = "Star Wars ChallengeTests";
			productName = "Star Wars ChallengeTests";
			productReference = 34C6A2C925CB9A4F003CE7B8 /* Star Wars ChallengeTests.xctest */;
			productType = "com.apple.product-type.bundle.unit-test";
		};
		34C6A2D325CB9A4F003CE7B8 /* Star Wars ChallengeUITests */ = {
			isa = PBXNativeTarget;
			buildConfigurationList = 34C6A2E325CB9A4F003CE7B8 /* Build configuration list for PBXNativeTarget "Star Wars ChallengeUITests" */;
			buildPhases = (
				34C6A2D025CB9A4F003CE7B8 /* Sources */,
				34C6A2D125CB9A4F003CE7B8 /* Frameworks */,
				34C6A2D225CB9A4F003CE7B8 /* Resources */,
			);
			buildRules = (
			);
			dependencies = (
				34C6A2D625CB9A4F003CE7B8 /* PBXTargetDependency */,
			);
			name = "Star Wars ChallengeUITests";
			productName = "Star Wars ChallengeUITests";
			productReference = 34C6A2D425CB9A4F003CE7B8 /* Star Wars ChallengeUITests.xctest */;
			productType = "com.apple.product-type.bundle.ui-testing";
		};
/* End PBXNativeTarget section */

/* Begin PBXProject section */
		34C6A2AB25CB9A4E003CE7B8 /* Project object */ = {
			isa = PBXProject;
			attributes = {
				LastSwiftUpdateCheck = 1240;
				LastUpgradeCheck = 1240;
				TargetAttributes = {
					34C6A2B225CB9A4E003CE7B8 = {
						CreatedOnToolsVersion = 12.4;
					};
					34C6A2C825CB9A4F003CE7B8 = {
						CreatedOnToolsVersion = 12.4;
						TestTargetID = 34C6A2B225CB9A4E003CE7B8;
					};
					34C6A2D325CB9A4F003CE7B8 = {
						CreatedOnToolsVersion = 12.4;
						TestTargetID = 34C6A2B225CB9A4E003CE7B8;
					};
				};
			};
			buildConfigurationList = 34C6A2AE25CB9A4E003CE7B8 /* Build configuration list for PBXProject "Star Wars Challenge" */;
			compatibilityVersion = "Xcode 9.3";
			developmentRegion = en;
			hasScannedForEncodings = 0;
			knownRegions = (
				en,
				Base,
			);
			mainGroup = 34C6A2AA25CB9A4E003CE7B8;
			productRefGroup = 34C6A2B425CB9A4E003CE7B8 /* Products */;
			projectDirPath = "";
			projectRoot = "";
			targets = (
				34C6A2B225CB9A4E003CE7B8 /* Star Wars Challenge */,
				34C6A2C825CB9A4F003CE7B8 /* Star Wars ChallengeTests */,
				34C6A2D325CB9A4F003CE7B8 /* Star Wars ChallengeUITests */,
			);
		};
/* End PBXProject section */

/* Begin PBXResourcesBuildPhase section */
		34C6A2B125CB9A4E003CE7B8 /* Resources */ = {
			isa = PBXResourcesBuildPhase;
			buildActionMask = 2147483647;
			files = (
				34C6A2C325CB9A4F003CE7B8 /* LaunchScreen.storyboard in Resources */,
				3414CD4525D243FE00B21C73 /* CategoryDetailHeader.xib in Resources */,
				34C6A3CB25CBDA94003CE7B8 /* CategoryTableViewCell.xib in Resources */,
				34D61EE725D3509F00DB59C2 /* AvatarView.xib in Resources */,
				347F748325D251A100ED13AA /* CategoryDetailTableViewCell.xib in Resources */,
				34C6A2C025CB9A4F003CE7B8 /* Assets.xcassets in Resources */,
				3414CCF825D21E3600B21C73 /* TableViewFooterView.xib in Resources */,
				347F74CA25D25B8C00ED13AA /* ItemHeaderView.xib in Resources */,
				34D61EBD25D3431900DB59C2 /* ItemTableViewCell.xib in Resources */,
				3414CD0525D22EBC00B21C73 /* HeaderView.xib in Resources */,
			);
			runOnlyForDeploymentPostprocessing = 0;
		};
		34C6A2C725CB9A4F003CE7B8 /* Resources */ = {
			isa = PBXResourcesBuildPhase;
			buildActionMask = 2147483647;
			files = (
			);
			runOnlyForDeploymentPostprocessing = 0;
		};
		34C6A2D225CB9A4F003CE7B8 /* Resources */ = {
			isa = PBXResourcesBuildPhase;
			buildActionMask = 2147483647;
			files = (
			);
			runOnlyForDeploymentPostprocessing = 0;
		};
/* End PBXResourcesBuildPhase section */

/* Begin PBXShellScriptBuildPhase section */
		A766C2F67451AB54A9EC642B /* [CP] Embed Pods Frameworks */ = {
			isa = PBXShellScriptBuildPhase;
			buildActionMask = 2147483647;
			files = (
			);
			inputFileListPaths = (
				"${PODS_ROOT}/Target Support Files/Pods-Star Wars Challenge/Pods-Star Wars Challenge-frameworks-${CONFIGURATION}-input-files.xcfilelist",
			);
			name = "[CP] Embed Pods Frameworks";
			outputFileListPaths = (
				"${PODS_ROOT}/Target Support Files/Pods-Star Wars Challenge/Pods-Star Wars Challenge-frameworks-${CONFIGURATION}-output-files.xcfilelist",
			);
			runOnlyForDeploymentPostprocessing = 0;
			shellPath = /bin/sh;
			shellScript = "\"${PODS_ROOT}/Target Support Files/Pods-Star Wars Challenge/Pods-Star Wars Challenge-frameworks.sh\"\n";
			showEnvVarsInLog = 0;
		};
		A8A2F7843303CEE080DB2EE0 /* [CP] Check Pods Manifest.lock */ = {
			isa = PBXShellScriptBuildPhase;
			buildActionMask = 2147483647;
			files = (
			);
			inputFileListPaths = (
			);
			inputPaths = (
				"${PODS_PODFILE_DIR_PATH}/Podfile.lock",
				"${PODS_ROOT}/Manifest.lock",
			);
			name = "[CP] Check Pods Manifest.lock";
			outputFileListPaths = (
			);
			outputPaths = (
				"$(DERIVED_FILE_DIR)/Pods-Star Wars Challenge-checkManifestLockResult.txt",
			);
			runOnlyForDeploymentPostprocessing = 0;
			shellPath = /bin/sh;
			shellScript = "diff \"${PODS_PODFILE_DIR_PATH}/Podfile.lock\" \"${PODS_ROOT}/Manifest.lock\" > /dev/null\nif [ $? != 0 ] ; then\n    # print error to STDERR\n    echo \"error: The sandbox is not in sync with the Podfile.lock. Run 'pod install' or update your CocoaPods installation.\" >&2\n    exit 1\nfi\n# This output is used by Xcode 'outputs' to avoid re-running this script phase.\necho \"SUCCESS\" > \"${SCRIPT_OUTPUT_FILE_0}\"\n";
			showEnvVarsInLog = 0;
		};
/* End PBXShellScriptBuildPhase section */

/* Begin PBXSourcesBuildPhase section */
		34C6A2AF25CB9A4E003CE7B8 /* Sources */ = {
			isa = PBXSourcesBuildPhase;
			buildActionMask = 2147483647;
			files = (
				34C6A2FB25CBAA7D003CE7B8 /* HTTPStatusCode.swift in Sources */,
				34E8419725CCF39D00640ADE /* API+Vehicles+FetchByID.swift in Sources */,
				34C6A33B25CBC11A003CE7B8 /* PlanetsModel.swift in Sources */,
				34C6A33625CBBED6003CE7B8 /* SpeciesModel.swift in Sources */,
				34C6A2BB25CB9A4E003CE7B8 /* CategoryTableViewController.swift in Sources */,
				347F74A525D259BB00ED13AA /* PeopleViewController.swift in Sources */,
				347F74AF25D259D300ED13AA /* StarshipViewController.swift in Sources */,
				3414CD6F25D24DF000B21C73 /* CategoryListModel.swift in Sources */,
				34E8422025CCF97900640ADE /* StarshipsRepository.swift in Sources */,
				347F74B425D259DE00ED13AA /* FilmViewController.swift in Sources */,
				34C6A36C25CBD260003CE7B8 /* API+People+FetchByID.swift in Sources */,
				34C6A2FA25CBAA7D003CE7B8 /* APIService.swift in Sources */,
				347F74AA25D259C000ED13AA /* VehicleViewController.swift in Sources */,
				3414CCE825D1F6C000B21C73 /* Images.swift in Sources */,
				34E841E925CCF60100640ADE /* API+Planets+FetchByID.swift in Sources */,
				34C6A30525CBAA88003CE7B8 /* KeyedDecodingContainer.swift in Sources */,
				34C6A2B725CB9A4E003CE7B8 /* AppDelegate.swift in Sources */,
				34C6A3C325CBDA79003CE7B8 /* CategoryTableViewCell.swift in Sources */,
				3414CD2D25D2405E00B21C73 /* CategoryDetailTableViewCell.swift in Sources */,
				3414CD7425D24DFB00B21C73 /* API+Category.swift in Sources */,
				34C6A2F925CBAA7D003CE7B8 /* API.swift in Sources */,
				34556FB825D46112001773BE /* SWNavigationController.swift in Sources */,
				347F74B925D259E600ED13AA /* SpeciesViewController.swift in Sources */,
				34E8421625CCF82A00640ADE /* PlanetsRepository.swift in Sources */,
				34C6A32825CBAFA2003CE7B8 /* FilmsModel.swift in Sources */,
				345FB76725D37A120050663D /* ItemTableViewController.swift in Sources */,
				34E841FF25CCF71600640ADE /* API+Species+FetchByID.swift in Sources */,
				34C6A2B925CB9A4E003CE7B8 /* SceneDelegate.swift in Sources */,
				347F74CF25D25C2900ED13AA /* ItemHeaderView.swift in Sources */,
				3414CD1025D22F4300B21C73 /* CategoryDetailTableViewController.swift in Sources */,
				34E8422D25CD090F00640ADE /* HeaderView.swift in Sources */,
				34C6A30625CBAA88003CE7B8 /* Realm.swift in Sources */,
				34E8421B25CCF8D600640ADE /* SpeciesRepository.swift in Sources */,
				34C6A39025CBD5C2003CE7B8 /* API+Films+FetchByID.swift in Sources */,
				34C6A33125CBB88B003CE7B8 /* StarshipsModel.swift in Sources */,
				34C6A36325CBCC78003CE7B8 /* PeopleRepository.swift in Sources */,
				347F748825D2570600ED13AA /* Utilities.swift in Sources */,
				3414CD4A25D2462900B21C73 /* CategoryDetailHeaderView.swift in Sources */,
				347F74A025D259AB00ED13AA /* PlanetViewController.swift in Sources */,
				34C6A31D25CBACD4003CE7B8 /* PeopleModel.swift in Sources */,
				34E8418B25CCF37700640ADE /* API+Starships+FetchByID.swift in Sources */,
				345FB76D25D383730050663D /* AvatarView.swift in Sources */,
				34E841BB25CCF50A00640ADE /* VehiclesModel.swift in Sources */,
				34C6A30F25CBAC0B003CE7B8 /* Constants.swift in Sources */,
				3414CD8B25D24E9F00B21C73 /* CategoryRepository.swift in Sources */,
				34E8422825CCFA1E00640ADE /* VehiclesRepository.swift in Sources */,
				34D61EC525D3433F00DB59C2 /* ItemTableViewCell.swift in Sources */,
				34C6A39D25CBD62C003CE7B8 /* FilmRepository.swift in Sources */,
			);
			runOnlyForDeploymentPostprocessing = 0;
		};
		34C6A2C525CB9A4F003CE7B8 /* Sources */ = {
			isa = PBXSourcesBuildPhase;
			buildActionMask = 2147483647;
			files = (
				34C6A2CE25CB9A4F003CE7B8 /* Star_Wars_ChallengeTests.swift in Sources */,
			);
			runOnlyForDeploymentPostprocessing = 0;
		};
		34C6A2D025CB9A4F003CE7B8 /* Sources */ = {
			isa = PBXSourcesBuildPhase;
			buildActionMask = 2147483647;
			files = (
				34C6A2D925CB9A4F003CE7B8 /* Star_Wars_ChallengeUITests.swift in Sources */,
			);
			runOnlyForDeploymentPostprocessing = 0;
		};
/* End PBXSourcesBuildPhase section */

/* Begin PBXTargetDependency section */
		34C6A2CB25CB9A4F003CE7B8 /* PBXTargetDependency */ = {
			isa = PBXTargetDependency;
			target = 34C6A2B225CB9A4E003CE7B8 /* Star Wars Challenge */;
			targetProxy = 34C6A2CA25CB9A4F003CE7B8 /* PBXContainerItemProxy */;
		};
		34C6A2D625CB9A4F003CE7B8 /* PBXTargetDependency */ = {
			isa = PBXTargetDependency;
			target = 34C6A2B225CB9A4E003CE7B8 /* Star Wars Challenge */;
			targetProxy = 34C6A2D525CB9A4F003CE7B8 /* PBXContainerItemProxy */;
		};
/* End PBXTargetDependency section */

/* Begin PBXVariantGroup section */
		34C6A2C125CB9A4F003CE7B8 /* LaunchScreen.storyboard */ = {
			isa = PBXVariantGroup;
			children = (
				34C6A2C225CB9A4F003CE7B8 /* Base */,
			);
			name = LaunchScreen.storyboard;
			sourceTree = "<group>";
		};
/* End PBXVariantGroup section */

/* Begin XCBuildConfiguration section */
		34C6A2DB25CB9A4F003CE7B8 /* Debug */ = {
			isa = XCBuildConfiguration;
			buildSettings = {
				ALWAYS_SEARCH_USER_PATHS = NO;
				CLANG_ANALYZER_NONNULL = YES;
				CLANG_ANALYZER_NUMBER_OBJECT_CONVERSION = YES_AGGRESSIVE;
				CLANG_CXX_LANGUAGE_STANDARD = "gnu++14";
				CLANG_CXX_LIBRARY = "libc++";
				CLANG_ENABLE_MODULES = YES;
				CLANG_ENABLE_OBJC_ARC = YES;
				CLANG_ENABLE_OBJC_WEAK = YES;
				CLANG_WARN_BLOCK_CAPTURE_AUTORELEASING = YES;
				CLANG_WARN_BOOL_CONVERSION = YES;
				CLANG_WARN_COMMA = YES;
				CLANG_WARN_CONSTANT_CONVERSION = YES;
				CLANG_WARN_DEPRECATED_OBJC_IMPLEMENTATIONS = YES;
				CLANG_WARN_DIRECT_OBJC_ISA_USAGE = YES_ERROR;
				CLANG_WARN_DOCUMENTATION_COMMENTS = YES;
				CLANG_WARN_EMPTY_BODY = YES;
				CLANG_WARN_ENUM_CONVERSION = YES;
				CLANG_WARN_INFINITE_RECURSION = YES;
				CLANG_WARN_INT_CONVERSION = YES;
				CLANG_WARN_NON_LITERAL_NULL_CONVERSION = YES;
				CLANG_WARN_OBJC_IMPLICIT_RETAIN_SELF = YES;
				CLANG_WARN_OBJC_LITERAL_CONVERSION = YES;
				CLANG_WARN_OBJC_ROOT_CLASS = YES_ERROR;
				CLANG_WARN_QUOTED_INCLUDE_IN_FRAMEWORK_HEADER = YES;
				CLANG_WARN_RANGE_LOOP_ANALYSIS = YES;
				CLANG_WARN_STRICT_PROTOTYPES = YES;
				CLANG_WARN_SUSPICIOUS_MOVE = YES;
				CLANG_WARN_UNGUARDED_AVAILABILITY = YES_AGGRESSIVE;
				CLANG_WARN_UNREACHABLE_CODE = YES;
				CLANG_WARN__DUPLICATE_METHOD_MATCH = YES;
				COPY_PHASE_STRIP = NO;
				DEBUG_INFORMATION_FORMAT = dwarf;
				ENABLE_STRICT_OBJC_MSGSEND = YES;
				ENABLE_TESTABILITY = YES;
				GCC_C_LANGUAGE_STANDARD = gnu11;
				GCC_DYNAMIC_NO_PIC = NO;
				GCC_NO_COMMON_BLOCKS = YES;
				GCC_OPTIMIZATION_LEVEL = 0;
				GCC_PREPROCESSOR_DEFINITIONS = (
					"DEBUG=1",
					"$(inherited)",
				);
				GCC_WARN_64_TO_32_BIT_CONVERSION = YES;
				GCC_WARN_ABOUT_RETURN_TYPE = YES_ERROR;
				GCC_WARN_UNDECLARED_SELECTOR = YES;
				GCC_WARN_UNINITIALIZED_AUTOS = YES_AGGRESSIVE;
				GCC_WARN_UNUSED_FUNCTION = YES;
				GCC_WARN_UNUSED_VARIABLE = YES;
				IPHONEOS_DEPLOYMENT_TARGET = 14.4;
				MTL_ENABLE_DEBUG_INFO = INCLUDE_SOURCE;
				MTL_FAST_MATH = YES;
				ONLY_ACTIVE_ARCH = YES;
				SDKROOT = iphoneos;
				SWIFT_ACTIVE_COMPILATION_CONDITIONS = DEBUG;
				SWIFT_OPTIMIZATION_LEVEL = "-Onone";
			};
			name = Debug;
		};
		34C6A2DC25CB9A4F003CE7B8 /* Release */ = {
			isa = XCBuildConfiguration;
			buildSettings = {
				ALWAYS_SEARCH_USER_PATHS = NO;
				CLANG_ANALYZER_NONNULL = YES;
				CLANG_ANALYZER_NUMBER_OBJECT_CONVERSION = YES_AGGRESSIVE;
				CLANG_CXX_LANGUAGE_STANDARD = "gnu++14";
				CLANG_CXX_LIBRARY = "libc++";
				CLANG_ENABLE_MODULES = YES;
				CLANG_ENABLE_OBJC_ARC = YES;
				CLANG_ENABLE_OBJC_WEAK = YES;
				CLANG_WARN_BLOCK_CAPTURE_AUTORELEASING = YES;
				CLANG_WARN_BOOL_CONVERSION = YES;
				CLANG_WARN_COMMA = YES;
				CLANG_WARN_CONSTANT_CONVERSION = YES;
				CLANG_WARN_DEPRECATED_OBJC_IMPLEMENTATIONS = YES;
				CLANG_WARN_DIRECT_OBJC_ISA_USAGE = YES_ERROR;
				CLANG_WARN_DOCUMENTATION_COMMENTS = YES;
				CLANG_WARN_EMPTY_BODY = YES;
				CLANG_WARN_ENUM_CONVERSION = YES;
				CLANG_WARN_INFINITE_RECURSION = YES;
				CLANG_WARN_INT_CONVERSION = YES;
				CLANG_WARN_NON_LITERAL_NULL_CONVERSION = YES;
				CLANG_WARN_OBJC_IMPLICIT_RETAIN_SELF = YES;
				CLANG_WARN_OBJC_LITERAL_CONVERSION = YES;
				CLANG_WARN_OBJC_ROOT_CLASS = YES_ERROR;
				CLANG_WARN_QUOTED_INCLUDE_IN_FRAMEWORK_HEADER = YES;
				CLANG_WARN_RANGE_LOOP_ANALYSIS = YES;
				CLANG_WARN_STRICT_PROTOTYPES = YES;
				CLANG_WARN_SUSPICIOUS_MOVE = YES;
				CLANG_WARN_UNGUARDED_AVAILABILITY = YES_AGGRESSIVE;
				CLANG_WARN_UNREACHABLE_CODE = YES;
				CLANG_WARN__DUPLICATE_METHOD_MATCH = YES;
				COPY_PHASE_STRIP = NO;
				DEBUG_INFORMATION_FORMAT = "dwarf-with-dsym";
				ENABLE_NS_ASSERTIONS = NO;
				ENABLE_STRICT_OBJC_MSGSEND = YES;
				GCC_C_LANGUAGE_STANDARD = gnu11;
				GCC_NO_COMMON_BLOCKS = YES;
				GCC_WARN_64_TO_32_BIT_CONVERSION = YES;
				GCC_WARN_ABOUT_RETURN_TYPE = YES_ERROR;
				GCC_WARN_UNDECLARED_SELECTOR = YES;
				GCC_WARN_UNINITIALIZED_AUTOS = YES_AGGRESSIVE;
				GCC_WARN_UNUSED_FUNCTION = YES;
				GCC_WARN_UNUSED_VARIABLE = YES;
				IPHONEOS_DEPLOYMENT_TARGET = 14.4;
				MTL_ENABLE_DEBUG_INFO = NO;
				MTL_FAST_MATH = YES;
				SDKROOT = iphoneos;
				SWIFT_COMPILATION_MODE = wholemodule;
				SWIFT_OPTIMIZATION_LEVEL = "-O";
				VALIDATE_PRODUCT = YES;
			};
			name = Release;
		};
		34C6A2DE25CB9A4F003CE7B8 /* Debug */ = {
			isa = XCBuildConfiguration;
			baseConfigurationReference = 53CE0F93CDA2A25443B727AF /* Pods-Star Wars Challenge.debug.xcconfig */;
			buildSettings = {
				ASSETCATALOG_COMPILER_APPICON_NAME = AppIcon;
				ASSETCATALOG_COMPILER_GLOBAL_ACCENT_COLOR_NAME = AccentColor;
				CODE_SIGN_STYLE = Automatic;
				INFOPLIST_FILE = "Star Wars Challenge/Info.plist";
				LD_RUNPATH_SEARCH_PATHS = (
					"$(inherited)",
					"@executable_path/Frameworks",
				);
				PRODUCT_BUNDLE_IDENTIFIER = "jackhiggins.Star-Wars-Challenge";
				PRODUCT_NAME = "$(TARGET_NAME)";
				SWIFT_VERSION = 5.0;
				TARGETED_DEVICE_FAMILY = "1,2";
			};
			name = Debug;
		};
		34C6A2DF25CB9A4F003CE7B8 /* Release */ = {
			isa = XCBuildConfiguration;
			baseConfigurationReference = 4C84BAD14BD010280F1539C8 /* Pods-Star Wars Challenge.release.xcconfig */;
			buildSettings = {
				ASSETCATALOG_COMPILER_APPICON_NAME = AppIcon;
				ASSETCATALOG_COMPILER_GLOBAL_ACCENT_COLOR_NAME = AccentColor;
				CODE_SIGN_STYLE = Automatic;
				INFOPLIST_FILE = "Star Wars Challenge/Info.plist";
				LD_RUNPATH_SEARCH_PATHS = (
					"$(inherited)",
					"@executable_path/Frameworks",
				);
				PRODUCT_BUNDLE_IDENTIFIER = "jackhiggins.Star-Wars-Challenge";
				PRODUCT_NAME = "$(TARGET_NAME)";
				SWIFT_VERSION = 5.0;
				TARGETED_DEVICE_FAMILY = "1,2";
			};
			name = Release;
		};
		34C6A2E125CB9A4F003CE7B8 /* Debug */ = {
			isa = XCBuildConfiguration;
			buildSettings = {
				ALWAYS_EMBED_SWIFT_STANDARD_LIBRARIES = YES;
				BUNDLE_LOADER = "$(TEST_HOST)";
				CODE_SIGN_STYLE = Automatic;
				INFOPLIST_FILE = "Star Wars ChallengeTests/Info.plist";
				IPHONEOS_DEPLOYMENT_TARGET = 14.4;
				LD_RUNPATH_SEARCH_PATHS = (
					"$(inherited)",
					"@executable_path/Frameworks",
					"@loader_path/Frameworks",
				);
				PRODUCT_BUNDLE_IDENTIFIER = "jackhiggins.Star-Wars-ChallengeTests";
				PRODUCT_NAME = "$(TARGET_NAME)";
				SWIFT_VERSION = 5.0;
				TARGETED_DEVICE_FAMILY = "1,2";
				TEST_HOST = "$(BUILT_PRODUCTS_DIR)/Star Wars Challenge.app/Star Wars Challenge";
			};
			name = Debug;
		};
		34C6A2E225CB9A4F003CE7B8 /* Release */ = {
			isa = XCBuildConfiguration;
			buildSettings = {
				ALWAYS_EMBED_SWIFT_STANDARD_LIBRARIES = YES;
				BUNDLE_LOADER = "$(TEST_HOST)";
				CODE_SIGN_STYLE = Automatic;
				INFOPLIST_FILE = "Star Wars ChallengeTests/Info.plist";
				IPHONEOS_DEPLOYMENT_TARGET = 14.4;
				LD_RUNPATH_SEARCH_PATHS = (
					"$(inherited)",
					"@executable_path/Frameworks",
					"@loader_path/Frameworks",
				);
				PRODUCT_BUNDLE_IDENTIFIER = "jackhiggins.Star-Wars-ChallengeTests";
				PRODUCT_NAME = "$(TARGET_NAME)";
				SWIFT_VERSION = 5.0;
				TARGETED_DEVICE_FAMILY = "1,2";
				TEST_HOST = "$(BUILT_PRODUCTS_DIR)/Star Wars Challenge.app/Star Wars Challenge";
			};
			name = Release;
		};
		34C6A2E425CB9A4F003CE7B8 /* Debug */ = {
			isa = XCBuildConfiguration;
			buildSettings = {
				ALWAYS_EMBED_SWIFT_STANDARD_LIBRARIES = YES;
				CODE_SIGN_STYLE = Automatic;
				INFOPLIST_FILE = "Star Wars ChallengeUITests/Info.plist";
				LD_RUNPATH_SEARCH_PATHS = (
					"$(inherited)",
					"@executable_path/Frameworks",
					"@loader_path/Frameworks",
				);
				PRODUCT_BUNDLE_IDENTIFIER = "jackhiggins.Star-Wars-ChallengeUITests";
				PRODUCT_NAME = "$(TARGET_NAME)";
				SWIFT_VERSION = 5.0;
				TARGETED_DEVICE_FAMILY = "1,2";
				TEST_TARGET_NAME = "Star Wars Challenge";
			};
			name = Debug;
		};
		34C6A2E525CB9A4F003CE7B8 /* Release */ = {
			isa = XCBuildConfiguration;
			buildSettings = {
				ALWAYS_EMBED_SWIFT_STANDARD_LIBRARIES = YES;
				CODE_SIGN_STYLE = Automatic;
				INFOPLIST_FILE = "Star Wars ChallengeUITests/Info.plist";
				LD_RUNPATH_SEARCH_PATHS = (
					"$(inherited)",
					"@executable_path/Frameworks",
					"@loader_path/Frameworks",
				);
				PRODUCT_BUNDLE_IDENTIFIER = "jackhiggins.Star-Wars-ChallengeUITests";
				PRODUCT_NAME = "$(TARGET_NAME)";
				SWIFT_VERSION = 5.0;
				TARGETED_DEVICE_FAMILY = "1,2";
				TEST_TARGET_NAME = "Star Wars Challenge";
			};
			name = Release;
		};
/* End XCBuildConfiguration section */

/* Begin XCConfigurationList section */
		34C6A2AE25CB9A4E003CE7B8 /* Build configuration list for PBXProject "Star Wars Challenge" */ = {
			isa = XCConfigurationList;
			buildConfigurations = (
				34C6A2DB25CB9A4F003CE7B8 /* Debug */,
				34C6A2DC25CB9A4F003CE7B8 /* Release */,
			);
			defaultConfigurationIsVisible = 0;
			defaultConfigurationName = Release;
		};
		34C6A2DD25CB9A4F003CE7B8 /* Build configuration list for PBXNativeTarget "Star Wars Challenge" */ = {
			isa = XCConfigurationList;
			buildConfigurations = (
				34C6A2DE25CB9A4F003CE7B8 /* Debug */,
				34C6A2DF25CB9A4F003CE7B8 /* Release */,
			);
			defaultConfigurationIsVisible = 0;
			defaultConfigurationName = Release;
		};
		34C6A2E025CB9A4F003CE7B8 /* Build configuration list for PBXNativeTarget "Star Wars ChallengeTests" */ = {
			isa = XCConfigurationList;
			buildConfigurations = (
				34C6A2E125CB9A4F003CE7B8 /* Debug */,
				34C6A2E225CB9A4F003CE7B8 /* Release */,
			);
			defaultConfigurationIsVisible = 0;
			defaultConfigurationName = Release;
		};
		34C6A2E325CB9A4F003CE7B8 /* Build configuration list for PBXNativeTarget "Star Wars ChallengeUITests" */ = {
			isa = XCConfigurationList;
			buildConfigurations = (
				34C6A2E425CB9A4F003CE7B8 /* Debug */,
				34C6A2E525CB9A4F003CE7B8 /* Release */,
			);
			defaultConfigurationIsVisible = 0;
			defaultConfigurationName = Release;
		};
/* End XCConfigurationList section */
	};
	rootObject = 34C6A2AB25CB9A4E003CE7B8 /* Project object */;
}
